
Microsoft Visual Studio Solution File, Format Version 12.00
# Visual Studio Version 17
VisualStudioVersion = 17.3.32929.385
MinimumVisualStudioVersion = 10.0.40219.1
Project("{F184B08F-C81C-45F6-A57F-5ABD9991F28F}") = "Currency Converter", "Currency Converter\Currency Converter.vbproj", "{31F32CAF-30FB-4087-9F61-AE310D300A4D}"
EndProject
Global
	GlobalSection(SolutionConfigurationPlatforms) = preSolution
		Debug|Any CPU = Debug|Any CPU
		Release|Any CPU = Release|Any CPU
	EndGlobalSection
	GlobalSection(ProjectConfigurationPlatforms) = postSolution
		{31F32CAF-30FB-4087-9F61-AE310D300A4D}.Debug|Any CPU.ActiveCfg = Debug|Any CPU
		{31F32CAF-30FB-4087-9F61-AE310D300A4D}.Debug|Any CPU.Build.0 = Debug|Any CPU
		{31F32CAF-30FB-4087-9F61-AE310D300A4D}.Release|Any CPU.ActiveCfg = Release|Any CPU
		{31F32CAF-30FB-4087-9F61-AE310D300A4D}.Release|Any CPU.Build.0 = Release|Any CPU
	EndGlobalSection
	GlobalSection(SolutionProperties) = preSolution
		HideSolutionNode = FALSE
	EndGlobalSection
	GlobalSection(ExtensibilityGlobals) = postSolution
		SolutionGuid = {57443A4F-ED2A-4176-86CC-CA043B7896E9}
	EndGlobalSection
EndGlobal
