
Microsoft Visual Studio Solution File, Format Version 12.00
# Visual Studio Version 17
VisualStudioVersion = 17.3.32929.385
MinimumVisualStudioVersion = 10.0.40219.1
Project("{F184B08F-C81C-45F6-A57F-5ABD9991F28F}") = "WpfApp1", "WpfApp1\WpfApp1.vbproj", "{E4A9ED66-4E23-4259-8DA9-4CCA2B42AE62}"
EndProject
Global
	GlobalSection(SolutionConfigurationPlatforms) = preSolution
		Debug|Any CPU = Debug|Any CPU
		Release|Any CPU = Release|Any CPU
	EndGlobalSection
	GlobalSection(ProjectConfigurationPlatforms) = postSolution
		{E4A9ED66-4E23-4259-8DA9-4CCA2B42AE62}.Debug|Any CPU.ActiveCfg = Debug|Any CPU
		{E4A9ED66-4E23-4259-8DA9-4CCA2B42AE62}.Debug|Any CPU.Build.0 = Debug|Any CPU
		{E4A9ED66-4E23-4259-8DA9-4CCA2B42AE62}.Release|Any CPU.ActiveCfg = Release|Any CPU
		{E4A9ED66-4E23-4259-8DA9-4CCA2B42AE62}.Release|Any CPU.Build.0 = Release|Any CPU
	EndGlobalSection
	GlobalSection(SolutionProperties) = preSolution
		HideSolutionNode = FALSE
	EndGlobalSection
	GlobalSection(ExtensibilityGlobals) = postSolution
		SolutionGuid = {B0A1CCF1-967E-46D7-89F0-74ADA208E524}
	EndGlobalSection
EndGlobal
