
Microsoft Visual Studio Solution File, Format Version 12.00
# Visual Studio Version 17
VisualStudioVersion = 17.3.32929.385
MinimumVisualStudioVersion = 10.0.40219.1
Project("{F184B08F-C81C-45F6-A57F-5ABD9991F28F}") = "Feb 6", "Feb 6\Feb 6.vbproj", "{5757C3CE-E3FB-4CD4-9C31-40BE0188B318}"
EndProject
Global
	GlobalSection(SolutionConfigurationPlatforms) = preSolution
		Debug|Any CPU = Debug|Any CPU
		Release|Any CPU = Release|Any CPU
	EndGlobalSection
	GlobalSection(ProjectConfigurationPlatforms) = postSolution
		{5757C3CE-E3FB-4CD4-9C31-40BE0188B318}.Debug|Any CPU.ActiveCfg = Debug|Any CPU
		{5757C3CE-E3FB-4CD4-9C31-40BE0188B318}.Debug|Any CPU.Build.0 = Debug|Any CPU
		{5757C3CE-E3FB-4CD4-9C31-40BE0188B318}.Release|Any CPU.ActiveCfg = Release|Any CPU
		{5757C3CE-E3FB-4CD4-9C31-40BE0188B318}.Release|Any CPU.Build.0 = Release|Any CPU
	EndGlobalSection
	GlobalSection(SolutionProperties) = preSolution
		HideSolutionNode = FALSE
	EndGlobalSection
	GlobalSection(ExtensibilityGlobals) = postSolution
		SolutionGuid = {66B8EE21-3C47-4A41-B6AD-4EC3AA08860E}
	EndGlobalSection
EndGlobal
